// !$*UTF8*$!
{
	archiveVersion = 1;
	classes = {
	};
	objectVersion = 50;
	objects = {

/* Begin PBXBuildFile section */
		D3D108132611F03C0093AE86 /* AppDelegate.swift in Sources */ = {isa = PBXBuildFile; fileRef = D3D108122611F03C0093AE86 /* AppDelegate.swift */; };
		D3D108152611F03C0093AE86 /* SceneDelegate.swift in Sources */ = {isa = PBXBuildFile; fileRef = D3D108142611F03C0093AE86 /* SceneDelegate.swift */; };
		D3D108172611F03C0093AE86 /* ViewController.swift in Sources */ = {isa = PBXBuildFile; fileRef = D3D108162611F03C0093AE86 /* ViewController.swift */; };
		D3D1081A2611F03C0093AE86 /* Main.storyboard in Resources */ = {isa = PBXBuildFile; fileRef = D3D108182611F03C0093AE86 /* Main.storyboard */; };
		D3D1081C2611F03C0093AE86 /* Assets.xcassets in Resources */ = {isa = PBXBuildFile; fileRef = D3D1081B2611F03C0093AE86 /* Assets.xcassets */; };
		D3D1081F2611F03C0093AE86 /* LaunchScreen.storyboard in Resources */ = {isa = PBXBuildFile; fileRef = D3D1081D2611F03C0093AE86 /* LaunchScreen.storyboard */; };
		D3D108282611F6FE0093AE86 /* MixGesture.swift in Sources */ = {isa = PBXBuildFile; fileRef = D3D108272611F6FE0093AE86 /* MixGesture.swift */; };
/* End PBXBuildFile section */

/* Begin PBXFileReference section */
		D3D1080F2611F03C0093AE86 /* UIGestureRecognizerStudy.app */ = {isa = PBXFileReference; explicitFileType = wrapper.application; includeInIndex = 0; path = UIGestureRecognizerStudy.app; sourceTree = BUILT_PRODUCTS_DIR; };
		D3D108122611F03C0093AE86 /* AppDelegate.swift */ = {isa = PBXFileReference; lastKnownFileType = sourcecode.swift; path = AppDelegate.swift; sourceTree = "<group>"; };
		D3D108142611F03C0093AE86 /* SceneDelegate.swift */ = {isa = PBXFileReference; lastKnownFileType = sourcecode.swift; path = SceneDelegate.swift; sourceTree = "<group>"; };
		D3D108162611F03C0093AE86 /* ViewController.swift */ = {isa = PBXFileReference; lastKnownFileType = sourcecode.swift; path = ViewController.swift; sourceTree = "<group>"; };
		D3D108192611F03C0093AE86 /* Base */ = {isa = PBXFileReference; lastKnownFileType = file.storyboard; name = Base; path = Base.lproj/Main.storyboard; sourceTree = "<group>"; };
		D3D1081B2611F03C0093AE86 /* Assets.xcassets */ = {isa = PBXFileReference; lastKnownFileType = folder.assetcatalog; path = Assets.xcassets; sourceTree = "<group>"; };
		D3D1081E2611F03C0093AE86 /* Base */ = {isa = PBXFileReference; lastKnownFileType = file.storyboard; name = Base; path = Base.lproj/LaunchScreen.storyboard; sourceTree = "<group>"; };
		D3D108202611F03C0093AE86 /* Info.plist */ = {isa = PBXFileReference; lastKnownFileType = text.plist.xml; path = Info.plist; sourceTree = "<group>"; };
		D3D108272611F6FE0093AE86 /* MixGesture.swift */ = {isa = PBXFileReference; lastKnownFileType = sourcecode.swift; path = MixGesture.swift; sourceTree = "<group>"; };
/* End PBXFileReference section */

/* Begin PBXFrameworksBuildPhase section */
		D3D1080C2611F03C0093AE86 /* Frameworks */ = {
			isa = PBXFrameworksBuildPhase;
			buildActionMask = 2147483647;
			files = (
			);
			runOnlyForDeploymentPostprocessing = 0;
		};
/* End PBXFrameworksBuildPhase section */

/* Begin PBXGroup section */
		D3D108062611F03C0093AE86 = {
			isa = PBXGroup;
			children = (
				D3D108112611F03C0093AE86 /* UIGestureRecognizerStudy */,
				D3D108102611F03C0093AE86 /* Products */,
			);
			sourceTree = "<group>";
		};
		D3D108102611F03C0093AE86 /* Products */ = {
			isa = PBXGroup;
			children = (
				D3D1080F2611F03C0093AE86 /* UIGestureRecognizerStudy.app */,
			);
			name = Products;
			sourceTree = "<group>";
		};
		D3D108112611F03C0093AE86 /* UIGestureRecognizerStudy */ = {
			isa = PBXGroup;
			children = (
				D3D108122611F03C0093AE86 /* AppDelegate.swift */,
				D3D108142611F03C0093AE86 /* SceneDelegate.swift */,
				D3D108162611F03C0093AE86 /* ViewController.swift */,
				D3D108272611F6FE0093AE86 /* MixGesture.swift */,
				D3D108182611F03C0093AE86 /* Main.storyboard */,
				D3D1081B2611F03C0093AE86 /* Assets.xcassets */,
				D3D1081D2611F03C0093AE86 /* LaunchScreen.storyboard */,
				D3D108202611F03C0093AE86 /* Info.plist */,
			);
			path = UIGestureRecognizerStudy;
			sourceTree = "<group>";
		};
/* End PBXGroup section */

/* Begin PBXNativeTarget section */
		D3D1080E2611F03C0093AE86 /* UIGestureRecognizerStudy */ = {
			isa = PBXNativeTarget;
			buildConfigurationList = D3D108232611F03C0093AE86 /* Build configuration list for PBXNativeTarget "UIGestureRecognizerStudy" */;
			buildPhases = (
				D3D1080B2611F03C0093AE86 /* Sources */,
				D3D1080C2611F03C0093AE86 /* Frameworks */,
				D3D1080D2611F03C0093AE86 /* Resources */,
			);
			buildRules = (
			);
			dependencies = (
			);
			name = UIGestureRecognizerStudy;
			productName = UIGestureRecognizerStudy;
			productReference = D3D1080F2611F03C0093AE86 /* UIGestureRecognizerStudy.app */;
			productType = "com.apple.product-type.application";
		};
/* End PBXNativeTarget section */

/* Begin PBXProject section */
		D3D108072611F03C0093AE86 /* Project object */ = {
			isa = PBXProject;
			attributes = {
				LastSwiftUpdateCheck = 1240;
				LastUpgradeCheck = 1240;
				TargetAttributes = {
					D3D1080E2611F03C0093AE86 = {
						CreatedOnToolsVersion = 12.4;
					};
				};
			};
			buildConfigurationList = D3D1080A2611F03C0093AE86 /* Build configuration list for PBXProject "UIGestureRecognizerStudy" */;
			compatibilityVersion = "Xcode 9.3";
			developmentRegion = en;
			hasScannedForEncodings = 0;
			knownRegions = (
				en,
				Base,
			);
			mainGroup = D3D108062611F03C0093AE86;
			productRefGroup = D3D108102611F03C0093AE86 /* Products */;
			projectDirPath = "";
			projectRoot = "";
			targets = (
				D3D1080E2611F03C0093AE86 /* UIGestureRecognizerStudy */,
			);
		};
/* End PBXProject section */

/* Begin PBXResourcesBuildPhase section */
		D3D1080D2611F03C0093AE86 /* Resources */ = {
			isa = PBXResourcesBuildPhase;
			buildActionMask = 2147483647;
			files = (
				D3D1081F2611F03C0093AE86 /* LaunchScreen.storyboard in Resources */,
				D3D1081C2611F03C0093AE86 /* Assets.xcassets in Resources */,
				D3D1081A2611F03C0093AE86 /* Main.storyboard in Resources */,
			);
			runOnlyForDeploymentPostprocessing = 0;
		};
/* End PBXResourcesBuildPhase section */

/* Begin PBXSourcesBuildPhase section */
		D3D1080B2611F03C0093AE86 /* Sources */ = {
			isa = PBXSourcesBuildPhase;
			buildActionMask = 2147483647;
			files = (
				D3D108282611F6FE0093AE86 /* MixGesture.swift in Sources */,
				D3D108172611F03C0093AE86 /* ViewController.swift in Sources */,
				D3D108132611F03C0093AE86 /* AppDelegate.swift in Sources */,
				D3D108152611F03C0093AE86 /* SceneDelegate.swift in Sources */,
			);
			runOnlyForDeploymentPostprocessing = 0;
		};
/* End PBXSourcesBuildPhase section */

/* Begin PBXVariantGroup section */
		D3D108182611F03C0093AE86 /* Main.storyboard */ = {
			isa = PBXVariantGroup;
			children = (
				D3D108192611F03C0093AE86 /* Base */,
			);
			name = Main.storyboard;
			sourceTree = "<group>";
		};
		D3D1081D2611F03C0093AE86 /* LaunchScreen.storyboard */ = {
			isa = PBXVariantGroup;
			children = (
				D3D1081E2611F03C0093AE86 /* Base */,
			);
			name = LaunchScreen.storyboard;
			sourceTree = "<group>";
		};
/* End PBXVariantGroup section */

/* Begin XCBuildConfiguration section */
		D3D108212611F03C0093AE86 /* Debug */ = {
			isa = XCBuildConfiguration;
			buildSettings = {
				ALWAYS_SEARCH_USER_PATHS = NO;
				CLANG_ANALYZER_NONNULL = YES;
				CLANG_ANALYZER_NUMBER_OBJECT_CONVERSION = YES_AGGRESSIVE;
				CLANG_CXX_LANGUAGE_STANDARD = "gnu++14";
				CLANG_CXX_LIBRARY = "libc++";
				CLANG_ENABLE_MODULES = YES;
				CLANG_ENABLE_OBJC_ARC = YES;
				CLANG_ENABLE_OBJC_WEAK = YES;
				CLANG_WARN_BLOCK_CAPTURE_AUTORELEASING = YES;
				CLANG_WARN_BOOL_CONVERSION = YES;
				CLANG_WARN_COMMA = YES;
				CLANG_WARN_CONSTANT_CONVERSION = YES;
				CLANG_WARN_DEPRECATED_OBJC_IMPLEMENTATIONS = YES;
				CLANG_WARN_DIRECT_OBJC_ISA_USAGE = YES_ERROR;
				CLANG_WARN_DOCUMENTATION_COMMENTS = YES;
				CLANG_WARN_EMPTY_BODY = YES;
				CLANG_WARN_ENUM_CONVERSION = YES;
				CLANG_WARN_INFINITE_RECURSION = YES;
				CLANG_WARN_INT_CONVERSION = YES;
				CLANG_WARN_NON_LITERAL_NULL_CONVERSION = YES;
				CLANG_WARN_OBJC_IMPLICIT_RETAIN_SELF = YES;
				CLANG_WARN_OBJC_LITERAL_CONVERSION = YES;
				CLANG_WARN_OBJC_ROOT_CLASS = YES_ERROR;
				CLANG_WARN_QUOTED_INCLUDE_IN_FRAMEWORK_HEADER = YES;
				CLANG_WARN_RANGE_LOOP_ANALYSIS = YES;
				CLANG_WARN_STRICT_PROTOTYPES = YES;
				CLANG_WARN_SUSPICIOUS_MOVE = YES;
				CLANG_WARN_UNGUARDED_AVAILABILITY = YES_AGGRESSIVE;
				CLANG_WARN_UNREACHABLE_CODE = YES;
				CLANG_WARN__DUPLICATE_METHOD_MATCH = YES;
				COPY_PHASE_STRIP = NO;
				DEBUG_INFORMATION_FORMAT = dwarf;
				ENABLE_STRICT_OBJC_MSGSEND = YES;
				ENABLE_TESTABILITY = YES;
				GCC_C_LANGUAGE_STANDARD = gnu11;
				GCC_DYNAMIC_NO_PIC = NO;
				GCC_NO_COMMON_BLOCKS = YES;
				GCC_OPTIMIZATION_LEVEL = 0;
				GCC_PREPROCESSOR_DEFINITIONS = (
					"DEBUG=1",
					"$(inherited)",
				);
				GCC_WARN_64_TO_32_BIT_CONVERSION = YES;
				GCC_WARN_ABOUT_RETURN_TYPE = YES_ERROR;
				GCC_WARN_UNDECLARED_SELECTOR = YES;
				GCC_WARN_UNINITIALIZED_AUTOS = YES_AGGRESSIVE;
				GCC_WARN_UNUSED_FUNCTION = YES;
				GCC_WARN_UNUSED_VARIABLE = YES;
				IPHONEOS_DEPLOYMENT_TARGET = 14.4;
				MTL_ENABLE_DEBUG_INFO = INCLUDE_SOURCE;
				MTL_FAST_MATH = YES;
				ONLY_ACTIVE_ARCH = YES;
				SDKROOT = iphoneos;
				SWIFT_ACTIVE_COMPILATION_CONDITIONS = DEBUG;
				SWIFT_OPTIMIZATION_LEVEL = "-Onone";
			};
			name = Debug;
		};
		D3D108222611F03C0093AE86 /* Release */ = {
			isa = XCBuildConfiguration;
			buildSettings = {
				ALWAYS_SEARCH_USER_PATHS = NO;
				CLANG_ANALYZER_NONNULL = YES;
				CLANG_ANALYZER_NUMBER_OBJECT_CONVERSION = YES_AGGRESSIVE;
				CLANG_CXX_LANGUAGE_STANDARD = "gnu++14";
				CLANG_CXX_LIBRARY = "libc++";
				CLANG_ENABLE_MODULES = YES;
				CLANG_ENABLE_OBJC_ARC = YES;
				CLANG_ENABLE_OBJC_WEAK = YES;
				CLANG_WARN_BLOCK_CAPTURE_AUTORELEASING = YES;
				CLANG_WARN_BOOL_CONVERSION = YES;
				CLANG_WARN_COMMA = YES;
				CLANG_WARN_CONSTANT_CONVERSION = YES;
				CLANG_WARN_DEPRECATED_OBJC_IMPLEMENTATIONS = YES;
				CLANG_WARN_DIRECT_OBJC_ISA_USAGE = YES_ERROR;
				CLANG_WARN_DOCUMENTATION_COMMENTS = YES;
				CLANG_WARN_EMPTY_BODY = YES;
				CLANG_WARN_ENUM_CONVERSION = YES;
				CLANG_WARN_INFINITE_RECURSION = YES;
				CLANG_WARN_INT_CONVERSION = YES;
				CLANG_WARN_NON_LITERAL_NULL_CONVERSION = YES;
				CLANG_WARN_OBJC_IMPLICIT_RETAIN_SELF = YES;
				CLANG_WARN_OBJC_LITERAL_CONVERSION = YES;
				CLANG_WARN_OBJC_ROOT_CLASS = YES_ERROR;
				CLANG_WARN_QUOTED_INCLUDE_IN_FRAMEWORK_HEADER = YES;
				CLANG_WARN_RANGE_LOOP_ANALYSIS = YES;
				CLANG_WARN_STRICT_PROTOTYPES = YES;
				CLANG_WARN_SUSPICIOUS_MOVE = YES;
				CLANG_WARN_UNGUARDED_AVAILABILITY = YES_AGGRESSIVE;
				CLANG_WARN_UNREACHABLE_CODE = YES;
				CLANG_WARN__DUPLICATE_METHOD_MATCH = YES;
				COPY_PHASE_STRIP = NO;
				DEBUG_INFORMATION_FORMAT = "dwarf-with-dsym";
				ENABLE_NS_ASSERTIONS = NO;
				ENABLE_STRICT_OBJC_MSGSEND = YES;
				GCC_C_LANGUAGE_STANDARD = gnu11;
				GCC_NO_COMMON_BLOCKS = YES;
				GCC_WARN_64_TO_32_BIT_CONVERSION = YES;
				GCC_WARN_ABOUT_RETURN_TYPE = YES_ERROR;
				GCC_WARN_UNDECLARED_SELECTOR = YES;
				GCC_WARN_UNINITIALIZED_AUTOS = YES_AGGRESSIVE;
				GCC_WARN_UNUSED_FUNCTION = YES;
				GCC_WARN_UNUSED_VARIABLE = YES;
				IPHONEOS_DEPLOYMENT_TARGET = 14.4;
				MTL_ENABLE_DEBUG_INFO = NO;
				MTL_FAST_MATH = YES;
				SDKROOT = iphoneos;
				SWIFT_COMPILATION_MODE = wholemodule;
				SWIFT_OPTIMIZATION_LEVEL = "-O";
				VALIDATE_PRODUCT = YES;
			};
			name = Release;
		};
		D3D108242611F03C0093AE86 /* Debug */ = {
			isa = XCBuildConfiguration;
			buildSettings = {
				ASSETCATALOG_COMPILER_APPICON_NAME = AppIcon;
				ASSETCATALOG_COMPILER_GLOBAL_ACCENT_COLOR_NAME = AccentColor;
				CODE_SIGN_STYLE = Automatic;
				INFOPLIST_FILE = UIGestureRecognizerStudy/Info.plist;
				LD_RUNPATH_SEARCH_PATHS = (
					"$(inherited)",
					"@executable_path/Frameworks",
				);
				PRODUCT_BUNDLE_IDENTIFIER = itsserhioball.UIGestureRecognizerStudy;
				PRODUCT_NAME = "$(TARGET_NAME)";
				SWIFT_VERSION = 5.0;
				TARGETED_DEVICE_FAMILY = "1,2";
			};
			name = Debug;
		};
		D3D108252611F03C0093AE86 /* Release */ = {
			isa = XCBuildConfiguration;
			buildSettings = {
				ASSETCATALOG_COMPILER_APPICON_NAME = AppIcon;
				ASSETCATALOG_COMPILER_GLOBAL_ACCENT_COLOR_NAME = AccentColor;
				CODE_SIGN_STYLE = Automatic;
				INFOPLIST_FILE = UIGestureRecognizerStudy/Info.plist;
				LD_RUNPATH_SEARCH_PATHS = (
					"$(inherited)",
					"@executable_path/Frameworks",
				);
				PRODUCT_BUNDLE_IDENTIFIER = itsserhioball.UIGestureRecognizerStudy;
				PRODUCT_NAME = "$(TARGET_NAME)";
				SWIFT_VERSION = 5.0;
				TARGETED_DEVICE_FAMILY = "1,2";
			};
			name = Release;
		};
/* End XCBuildConfiguration section */

/* Begin XCConfigurationList section */
		D3D1080A2611F03C0093AE86 /* Build configuration list for PBXProject "UIGestureRecognizerStudy" */ = {
			isa = XCConfigurationList;
			buildConfigurations = (
				D3D108212611F03C0093AE86 /* Debug */,
				D3D108222611F03C0093AE86 /* Release */,
			);
			defaultConfigurationIsVisible = 0;
			defaultConfigurationName = Release;
		};
		D3D108232611F03C0093AE86 /* Build configuration list for PBXNativeTarget "UIGestureRecognizerStudy" */ = {
			isa = XCConfigurationList;
			buildConfigurations = (
				D3D108242611F03C0093AE86 /* Debug */,
				D3D108252611F03C0093AE86 /* Release */,
			);
			defaultConfigurationIsVisible = 0;
			defaultConfigurationName = Release;
		};
/* End XCConfigurationList section */
	};
	rootObject = D3D108072611F03C0093AE86 /* Project object */;
}
